
Microsoft Visual Studio Solution File, Format Version 12.00
# Visual Studio Version 17
VisualStudioVersion = 17.14.36616.10
MinimumVisualStudioVersion = 10.0.40219.1
Project("{FAE04EC0-301F-11D3-BF4B-00C04F79EFBC}") = "Tyuiu.SimkinOA.Sprint6.Task0.V21", "Tyuiu.SimkinOA.Sprint6.Task0.V21\Tyuiu.SimkinOA.Sprint6.Task0.V21.csproj", "{8A655CFE-4E86-4215-B893-D99B96D07CC3}"
EndProject
Project("{FAE04EC0-301F-11D3-BF4B-00C04F79EFBC}") = "Tyuiu.SimkinOA.Sprint6.Task0.V21.Lib", "Tyuiu.SimkinOA.Sprint6.Task0.V21.Lib\Tyuiu.SimkinOA.Sprint6.Task0.V21.Lib.csproj", "{F4A88617-0F9B-433D-877D-9E373DCCD059}"
EndProject
Project("{2150E333-8FDC-42A3-9474-1A3956D46DE8}") = "Task0", "Task0", "{02EA681E-C7D8-13C7-8484-4AC65E1B71E8}"
EndProject
Project("{FAE04EC0-301F-11D3-BF4B-00C04F79EFBC}") = "Tyuiu.SimkinOA.Sprint6.Task0.V21.Test", "Tyuiu.SimkinOA.Sprint6.Task0.V21.Test\Tyuiu.SimkinOA.Sprint6.Task0.V21.Test.csproj", "{558EE54F-45C3-4D61-822E-28AE870EB3A8}"
EndProject
Project("{2150E333-8FDC-42A3-9474-1A3956D46DE8}") = "Task1", "Task1", "{37389769-D3C2-43DC-A66F-CBF031E922C4}"
EndProject
Project("{FAE04EC0-301F-11D3-BF4B-00C04F79EFBC}") = "Tyuiu.SimkinOA.Sprint6.Task1.V20.Lib", "Tyuiu.SimkinOA.Sprint6.Task1.V20.Lib\Tyuiu.SimkinOA.Sprint6.Task1.V20.Lib.csproj", "{A6B61B83-F31F-4DBF-AC20-81E86BDB3318}"
EndProject
Project("{FAE04EC0-301F-11D3-BF4B-00C04F79EFBC}") = "Tyuiu.SimkinOA.Sprint6.Task1.V20.Test", "Tyuiu.SimkinOA.Sprint6.Task1.V20.Test\Tyuiu.SimkinOA.Sprint6.Task1.V20.Test.csproj", "{CE133B83-0EC4-4174-BCC0-E61658A2C542}"
EndProject
Project("{FAE04EC0-301F-11D3-BF4B-00C04F79EFBC}") = "Tyuiu.SimkinOA.Sprint6.Task1.V20", "Tyuiu.SimkinOA.Sprint6.Task1.V20\Tyuiu.SimkinOA.Sprint6.Task1.V20.csproj", "{24A90775-C63A-4F87-B634-10831E65B6D4}"
EndProject
Project("{2150E333-8FDC-42A3-9474-1A3956D46DE8}") = "Task2", "Task2", "{7D6608CA-5618-406F-9025-C5BCBA8F55D6}"
EndProject
Project("{FAE04EC0-301F-11D3-BF4B-00C04F79EFBC}") = "Tyuiu.SimkinOA.Sprint6.Task2.V13.Lib", "Tyuiu.SimkinOA.Sprint6.Task2.V13.Lib\Tyuiu.SimkinOA.Sprint6.Task2.V13.Lib.csproj", "{D31A7613-A11B-493D-9926-F46D3EC10B3A}"
EndProject
Project("{FAE04EC0-301F-11D3-BF4B-00C04F79EFBC}") = "Tyuiu.SimkinOA.Sprint6.Task2.V13.Test", "Tyuiu.SimkinOA.Sprint6.Task2.V13.Test\Tyuiu.SimkinOA.Sprint6.Task2.V13.Test.csproj", "{4282E97B-F0FB-4865-BC25-C8EF6EFDF32A}"
EndProject
Project("{FAE04EC0-301F-11D3-BF4B-00C04F79EFBC}") = "Tyuiu.SimkinOA.Sprint6.Task2.V13", "Tyuiu.SimkinOA.Sprint6.Task2.V13\Tyuiu.SimkinOA.Sprint6.Task2.V13.csproj", "{A3B07CB7-D36D-4E64-B816-6C28817535CF}"
EndProject
Project("{2150E333-8FDC-42A3-9474-1A3956D46DE8}") = "Task3", "Task3", "{D5BE050A-B14D-41F1-BD69-7DEEC71F4D80}"
EndProject
Project("{FAE04EC0-301F-11D3-BF4B-00C04F79EFBC}") = "Tyuiu.SimkinOA.Sprint6.Task3.V18.Lib", "Tyuiu.SimkinOA.Sprint6.Task3.V18.Lib\Tyuiu.SimkinOA.Sprint6.Task3.V18.Lib.csproj", "{C07F86F2-DBD2-4907-94F2-AF4533665DDF}"
EndProject
Project("{FAE04EC0-301F-11D3-BF4B-00C04F79EFBC}") = "Tyuiu.SimkinOA.Sprint6.Task3.V18.Test", "Tyuiu.SimkinOA.Sprint6.Task3.V18.Test\Tyuiu.SimkinOA.Sprint6.Task3.V18.Test.csproj", "{30313451-7276-480C-9AA8-DF572FC4F5D9}"
EndProject
Project("{FAE04EC0-301F-11D3-BF4B-00C04F79EFBC}") = "Tyuiu.SimkinOA.Sprint6.Task3.V18", "Tyuiu.SimkinOA.Sprint6.Task3.V18\Tyuiu.SimkinOA.Sprint6.Task3.V18.csproj", "{C1468E26-7E3B-4D9F-9E77-A8A29854151D}"
EndProject
Project("{2150E333-8FDC-42A3-9474-1A3956D46DE8}") = "Task4", "Task4", "{6E207178-9834-4E00-A2E6-01B3F77F66F4}"
EndProject
Project("{FAE04EC0-301F-11D3-BF4B-00C04F79EFBC}") = "Tyuiu.SimkinOA.Sprint6.Task4.V29.Lib", "Tyuiu.SimkinOA.Sprint6.Task4.V29.Lib\Tyuiu.SimkinOA.Sprint6.Task4.V29.Lib.csproj", "{23AF1A21-08D9-4996-8D56-085024CCF67D}"
EndProject
Project("{FAE04EC0-301F-11D3-BF4B-00C04F79EFBC}") = "Tyuiu.SimkinOA.Sprint6.Task4.V29.Test", "Tyuiu.SimkinOA.Sprint6.Task4.V29.Test\Tyuiu.SimkinOA.Sprint6.Task4.V29.Test.csproj", "{5B8578CC-81AF-4682-9C3E-47128C0F4769}"
EndProject
Project("{FAE04EC0-301F-11D3-BF4B-00C04F79EFBC}") = "Tyuiu.SimkinOA.Sprint6.Task4.V29", "Tyuiu.SimkinOA.Sprint6.Task4.V29\Tyuiu.SimkinOA.Sprint6.Task4.V29.csproj", "{E80D4CF4-162A-43D0-874C-C87CB7674325}"
EndProject
Project("{2150E333-8FDC-42A3-9474-1A3956D46DE8}") = "Task5", "Task5", "{EA1D9367-6FD3-4462-96B7-CF4BB90CA7A1}"
EndProject
Project("{FAE04EC0-301F-11D3-BF4B-00C04F79EFBC}") = "Tyuiu.SimkinOA.Sprint6.Task5.V29.Lib", "Tyuiu.SimkinOA.Sprint6.Task5.V29.Lib\Tyuiu.SimkinOA.Sprint6.Task5.V29.Lib.csproj", "{57914F76-412C-4CA8-A460-85CB24068BB4}"
EndProject
Project("{FAE04EC0-301F-11D3-BF4B-00C04F79EFBC}") = "Tyuiu.SimkinOA.Sprint6.Task5.V29.Test", "Tyuiu.SimkinOA.Sprint6.Task5.V29.Test\Tyuiu.SimkinOA.Sprint6.Task5.V29.Test.csproj", "{8CA21574-0CBB-45B7-AC0E-4C233CBF7A9D}"
EndProject
Project("{FAE04EC0-301F-11D3-BF4B-00C04F79EFBC}") = "Tyuiu.SimkinOA.Sprint6.Task5.V29", "Tyuiu.SimkinOA.Sprint6.Task5.V29\Tyuiu.SimkinOA.Sprint6.Task5.V29.csproj", "{C0B01B16-3A61-4795-B966-64BE109F1F84}"
EndProject
Project("{2150E333-8FDC-42A3-9474-1A3956D46DE8}") = "Task6", "Task6", "{3308E3A8-A130-4CD6-9544-E76272FF9F9C}"
EndProject
Project("{FAE04EC0-301F-11D3-BF4B-00C04F79EFBC}") = "Tyuiu.SimkinOA.Sprint6.Task6.V23.Lib", "Tyuiu.SimkinOA.Sprint6.Task6.V23.Lib\Tyuiu.SimkinOA.Sprint6.Task6.V23.Lib.csproj", "{253C0085-C6E1-4B76-89BF-0E26D0D97207}"
EndProject
Project("{FAE04EC0-301F-11D3-BF4B-00C04F79EFBC}") = "Tyuiu.SimkinOA.Sprint6.Task6.V23.Test", "Tyuiu.SimkinOA.Sprint6.Task6.V23.Test\Tyuiu.SimkinOA.Sprint6.Task6.V23.Test.csproj", "{6EBD5F5D-5C7D-45EB-B87F-D5BE6221BEA6}"
EndProject
Project("{FAE04EC0-301F-11D3-BF4B-00C04F79EFBC}") = "Tyuiu.SimkinOA.Sprint6.Task6.V23", "Tyuiu.SimkinOA.Sprint6.Task6.V23\Tyuiu.SimkinOA.Sprint6.Task6.V23.csproj", "{8C33D14C-BCFB-404E-9898-714A04B8B73D}"
EndProject
Project("{2150E333-8FDC-42A3-9474-1A3956D46DE8}") = "Task7", "Task7", "{5345DB78-13BB-4DF1-82D9-32159EB53839}"
EndProject
Project("{FAE04EC0-301F-11D3-BF4B-00C04F79EFBC}") = "Tyuiu.SimkinOA.Sprint6.Task7.V15.Lib", "Tyuiu.SimkinOA.Sprint6.Task7.V15.Lib\Tyuiu.SimkinOA.Sprint6.Task7.V15.Lib.csproj", "{F942EF65-B0FE-42D7-9606-CA913649FB51}"
EndProject
Project("{FAE04EC0-301F-11D3-BF4B-00C04F79EFBC}") = "Tyuiu.SimkinOA.Sprint6.Task7.V15.Test", "Tyuiu.SimkinOA.Sprint6.Task7.V15.Test\Tyuiu.SimkinOA.Sprint6.Task7.V15.Test.csproj", "{89E21C74-927D-46A8-968E-0FA0EF55C3FD}"
EndProject
Project("{FAE04EC0-301F-11D3-BF4B-00C04F79EFBC}") = "Tyuiu.SimkinOA.Sprint6.Task7.V15", "Tyuiu.SimkinOA.Sprint6.Task7.V15\Tyuiu.SimkinOA.Sprint6.Task7.V15.csproj", "{53FCFCA1-5E56-4B2E-9395-88E40EA8E2D2}"
EndProject
Global
	GlobalSection(SolutionConfigurationPlatforms) = preSolution
		Debug|Any CPU = Debug|Any CPU
		Release|Any CPU = Release|Any CPU
	EndGlobalSection
	GlobalSection(ProjectConfigurationPlatforms) = postSolution
		{8A655CFE-4E86-4215-B893-D99B96D07CC3}.Debug|Any CPU.ActiveCfg = Debug|Any CPU
		{8A655CFE-4E86-4215-B893-D99B96D07CC3}.Debug|Any CPU.Build.0 = Debug|Any CPU
		{8A655CFE-4E86-4215-B893-D99B96D07CC3}.Release|Any CPU.ActiveCfg = Release|Any CPU
		{8A655CFE-4E86-4215-B893-D99B96D07CC3}.Release|Any CPU.Build.0 = Release|Any CPU
		{F4A88617-0F9B-433D-877D-9E373DCCD059}.Debug|Any CPU.ActiveCfg = Debug|Any CPU
		{F4A88617-0F9B-433D-877D-9E373DCCD059}.Debug|Any CPU.Build.0 = Debug|Any CPU
		{F4A88617-0F9B-433D-877D-9E373DCCD059}.Release|Any CPU.ActiveCfg = Release|Any CPU
		{F4A88617-0F9B-433D-877D-9E373DCCD059}.Release|Any CPU.Build.0 = Release|Any CPU
		{558EE54F-45C3-4D61-822E-28AE870EB3A8}.Debug|Any CPU.ActiveCfg = Debug|Any CPU
		{558EE54F-45C3-4D61-822E-28AE870EB3A8}.Debug|Any CPU.Build.0 = Debug|Any CPU
		{558EE54F-45C3-4D61-822E-28AE870EB3A8}.Release|Any CPU.ActiveCfg = Release|Any CPU
		{558EE54F-45C3-4D61-822E-28AE870EB3A8}.Release|Any CPU.Build.0 = Release|Any CPU
		{A6B61B83-F31F-4DBF-AC20-81E86BDB3318}.Debug|Any CPU.ActiveCfg = Debug|Any CPU
		{A6B61B83-F31F-4DBF-AC20-81E86BDB3318}.Debug|Any CPU.Build.0 = Debug|Any CPU
		{A6B61B83-F31F-4DBF-AC20-81E86BDB3318}.Release|Any CPU.ActiveCfg = Release|Any CPU
		{A6B61B83-F31F-4DBF-AC20-81E86BDB3318}.Release|Any CPU.Build.0 = Release|Any CPU
		{CE133B83-0EC4-4174-BCC0-E61658A2C542}.Debug|Any CPU.ActiveCfg = Debug|Any CPU
		{CE133B83-0EC4-4174-BCC0-E61658A2C542}.Debug|Any CPU.Build.0 = Debug|Any CPU
		{CE133B83-0EC4-4174-BCC0-E61658A2C542}.Release|Any CPU.ActiveCfg = Release|Any CPU
		{CE133B83-0EC4-4174-BCC0-E61658A2C542}.Release|Any CPU.Build.0 = Release|Any CPU
		{24A90775-C63A-4F87-B634-10831E65B6D4}.Debug|Any CPU.ActiveCfg = Debug|Any CPU
		{24A90775-C63A-4F87-B634-10831E65B6D4}.Debug|Any CPU.Build.0 = Debug|Any CPU
		{24A90775-C63A-4F87-B634-10831E65B6D4}.Release|Any CPU.ActiveCfg = Release|Any CPU
		{24A90775-C63A-4F87-B634-10831E65B6D4}.Release|Any CPU.Build.0 = Release|Any CPU
		{D31A7613-A11B-493D-9926-F46D3EC10B3A}.Debug|Any CPU.ActiveCfg = Debug|Any CPU
		{D31A7613-A11B-493D-9926-F46D3EC10B3A}.Debug|Any CPU.Build.0 = Debug|Any CPU
		{D31A7613-A11B-493D-9926-F46D3EC10B3A}.Release|Any CPU.ActiveCfg = Release|Any CPU
		{D31A7613-A11B-493D-9926-F46D3EC10B3A}.Release|Any CPU.Build.0 = Release|Any CPU
		{4282E97B-F0FB-4865-BC25-C8EF6EFDF32A}.Debug|Any CPU.ActiveCfg = Debug|Any CPU
		{4282E97B-F0FB-4865-BC25-C8EF6EFDF32A}.Debug|Any CPU.Build.0 = Debug|Any CPU
		{4282E97B-F0FB-4865-BC25-C8EF6EFDF32A}.Release|Any CPU.ActiveCfg = Release|Any CPU
		{4282E97B-F0FB-4865-BC25-C8EF6EFDF32A}.Release|Any CPU.Build.0 = Release|Any CPU
		{A3B07CB7-D36D-4E64-B816-6C28817535CF}.Debug|Any CPU.ActiveCfg = Debug|Any CPU
		{A3B07CB7-D36D-4E64-B816-6C28817535CF}.Debug|Any CPU.Build.0 = Debug|Any CPU
		{A3B07CB7-D36D-4E64-B816-6C28817535CF}.Release|Any CPU.ActiveCfg = Release|Any CPU
		{A3B07CB7-D36D-4E64-B816-6C28817535CF}.Release|Any CPU.Build.0 = Release|Any CPU
		{C07F86F2-DBD2-4907-94F2-AF4533665DDF}.Debug|Any CPU.ActiveCfg = Debug|Any CPU
		{C07F86F2-DBD2-4907-94F2-AF4533665DDF}.Debug|Any CPU.Build.0 = Debug|Any CPU
		{C07F86F2-DBD2-4907-94F2-AF4533665DDF}.Release|Any CPU.ActiveCfg = Release|Any CPU
		{C07F86F2-DBD2-4907-94F2-AF4533665DDF}.Release|Any CPU.Build.0 = Release|Any CPU
		{30313451-7276-480C-9AA8-DF572FC4F5D9}.Debug|Any CPU.ActiveCfg = Debug|Any CPU
		{30313451-7276-480C-9AA8-DF572FC4F5D9}.Debug|Any CPU.Build.0 = Debug|Any CPU
		{30313451-7276-480C-9AA8-DF572FC4F5D9}.Release|Any CPU.ActiveCfg = Release|Any CPU
		{30313451-7276-480C-9AA8-DF572FC4F5D9}.Release|Any CPU.Build.0 = Release|Any CPU
		{C1468E26-7E3B-4D9F-9E77-A8A29854151D}.Debug|Any CPU.ActiveCfg = Debug|Any CPU
		{C1468E26-7E3B-4D9F-9E77-A8A29854151D}.Debug|Any CPU.Build.0 = Debug|Any CPU
		{C1468E26-7E3B-4D9F-9E77-A8A29854151D}.Release|Any CPU.ActiveCfg = Release|Any CPU
		{C1468E26-7E3B-4D9F-9E77-A8A29854151D}.Release|Any CPU.Build.0 = Release|Any CPU
		{23AF1A21-08D9-4996-8D56-085024CCF67D}.Debug|Any CPU.ActiveCfg = Debug|Any CPU
		{23AF1A21-08D9-4996-8D56-085024CCF67D}.Debug|Any CPU.Build.0 = Debug|Any CPU
		{23AF1A21-08D9-4996-8D56-085024CCF67D}.Release|Any CPU.ActiveCfg = Release|Any CPU
		{23AF1A21-08D9-4996-8D56-085024CCF67D}.Release|Any CPU.Build.0 = Release|Any CPU
		{5B8578CC-81AF-4682-9C3E-47128C0F4769}.Debug|Any CPU.ActiveCfg = Debug|Any CPU
		{5B8578CC-81AF-4682-9C3E-47128C0F4769}.Debug|Any CPU.Build.0 = Debug|Any CPU
		{5B8578CC-81AF-4682-9C3E-47128C0F4769}.Release|Any CPU.ActiveCfg = Release|Any CPU
		{5B8578CC-81AF-4682-9C3E-47128C0F4769}.Release|Any CPU.Build.0 = Release|Any CPU
		{E80D4CF4-162A-43D0-874C-C87CB7674325}.Debug|Any CPU.ActiveCfg = Debug|Any CPU
		{E80D4CF4-162A-43D0-874C-C87CB7674325}.Debug|Any CPU.Build.0 = Debug|Any CPU
		{E80D4CF4-162A-43D0-874C-C87CB7674325}.Release|Any CPU.ActiveCfg = Release|Any CPU
		{E80D4CF4-162A-43D0-874C-C87CB7674325}.Release|Any CPU.Build.0 = Release|Any CPU
		{57914F76-412C-4CA8-A460-85CB24068BB4}.Debug|Any CPU.ActiveCfg = Debug|Any CPU
		{57914F76-412C-4CA8-A460-85CB24068BB4}.Debug|Any CPU.Build.0 = Debug|Any CPU
		{57914F76-412C-4CA8-A460-85CB24068BB4}.Release|Any CPU.ActiveCfg = Release|Any CPU
		{57914F76-412C-4CA8-A460-85CB24068BB4}.Release|Any CPU.Build.0 = Release|Any CPU
		{8CA21574-0CBB-45B7-AC0E-4C233CBF7A9D}.Debug|Any CPU.ActiveCfg = Debug|Any CPU
		{8CA21574-0CBB-45B7-AC0E-4C233CBF7A9D}.Debug|Any CPU.Build.0 = Debug|Any CPU
		{8CA21574-0CBB-45B7-AC0E-4C233CBF7A9D}.Release|Any CPU.ActiveCfg = Release|Any CPU
		{8CA21574-0CBB-45B7-AC0E-4C233CBF7A9D}.Release|Any CPU.Build.0 = Release|Any CPU
		{C0B01B16-3A61-4795-B966-64BE109F1F84}.Debug|Any CPU.ActiveCfg = Debug|Any CPU
		{C0B01B16-3A61-4795-B966-64BE109F1F84}.Debug|Any CPU.Build.0 = Debug|Any CPU
		{C0B01B16-3A61-4795-B966-64BE109F1F84}.Release|Any CPU.ActiveCfg = Release|Any CPU
		{C0B01B16-3A61-4795-B966-64BE109F1F84}.Release|Any CPU.Build.0 = Release|Any CPU
		{253C0085-C6E1-4B76-89BF-0E26D0D97207}.Debug|Any CPU.ActiveCfg = Debug|Any CPU
		{253C0085-C6E1-4B76-89BF-0E26D0D97207}.Debug|Any CPU.Build.0 = Debug|Any CPU
		{253C0085-C6E1-4B76-89BF-0E26D0D97207}.Release|Any CPU.ActiveCfg = Release|Any CPU
		{253C0085-C6E1-4B76-89BF-0E26D0D97207}.Release|Any CPU.Build.0 = Release|Any CPU
		{6EBD5F5D-5C7D-45EB-B87F-D5BE6221BEA6}.Debug|Any CPU.ActiveCfg = Debug|Any CPU
		{6EBD5F5D-5C7D-45EB-B87F-D5BE6221BEA6}.Debug|Any CPU.Build.0 = Debug|Any CPU
		{6EBD5F5D-5C7D-45EB-B87F-D5BE6221BEA6}.Release|Any CPU.ActiveCfg = Release|Any CPU
		{6EBD5F5D-5C7D-45EB-B87F-D5BE6221BEA6}.Release|Any CPU.Build.0 = Release|Any CPU
		{8C33D14C-BCFB-404E-9898-714A04B8B73D}.Debug|Any CPU.ActiveCfg = Debug|Any CPU
		{8C33D14C-BCFB-404E-9898-714A04B8B73D}.Debug|Any CPU.Build.0 = Debug|Any CPU
		{8C33D14C-BCFB-404E-9898-714A04B8B73D}.Release|Any CPU.ActiveCfg = Release|Any CPU
		{8C33D14C-BCFB-404E-9898-714A04B8B73D}.Release|Any CPU.Build.0 = Release|Any CPU
		{F942EF65-B0FE-42D7-9606-CA913649FB51}.Debug|Any CPU.ActiveCfg = Debug|Any CPU
		{F942EF65-B0FE-42D7-9606-CA913649FB51}.Debug|Any CPU.Build.0 = Debug|Any CPU
		{F942EF65-B0FE-42D7-9606-CA913649FB51}.Release|Any CPU.ActiveCfg = Release|Any CPU
		{F942EF65-B0FE-42D7-9606-CA913649FB51}.Release|Any CPU.Build.0 = Release|Any CPU
		{89E21C74-927D-46A8-968E-0FA0EF55C3FD}.Debug|Any CPU.ActiveCfg = Debug|Any CPU
		{89E21C74-927D-46A8-968E-0FA0EF55C3FD}.Debug|Any CPU.Build.0 = Debug|Any CPU
		{89E21C74-927D-46A8-968E-0FA0EF55C3FD}.Release|Any CPU.ActiveCfg = Release|Any CPU
		{89E21C74-927D-46A8-968E-0FA0EF55C3FD}.Release|Any CPU.Build.0 = Release|Any CPU
		{53FCFCA1-5E56-4B2E-9395-88E40EA8E2D2}.Debug|Any CPU.ActiveCfg = Debug|Any CPU
		{53FCFCA1-5E56-4B2E-9395-88E40EA8E2D2}.Debug|Any CPU.Build.0 = Debug|Any CPU
		{53FCFCA1-5E56-4B2E-9395-88E40EA8E2D2}.Release|Any CPU.ActiveCfg = Release|Any CPU
		{53FCFCA1-5E56-4B2E-9395-88E40EA8E2D2}.Release|Any CPU.Build.0 = Release|Any CPU
	EndGlobalSection
	GlobalSection(SolutionProperties) = preSolution
		HideSolutionNode = FALSE
	EndGlobalSection
	GlobalSection(NestedProjects) = preSolution
		{8A655CFE-4E86-4215-B893-D99B96D07CC3} = {02EA681E-C7D8-13C7-8484-4AC65E1B71E8}
		{F4A88617-0F9B-433D-877D-9E373DCCD059} = {02EA681E-C7D8-13C7-8484-4AC65E1B71E8}
		{558EE54F-45C3-4D61-822E-28AE870EB3A8} = {02EA681E-C7D8-13C7-8484-4AC65E1B71E8}
		{A6B61B83-F31F-4DBF-AC20-81E86BDB3318} = {37389769-D3C2-43DC-A66F-CBF031E922C4}
		{CE133B83-0EC4-4174-BCC0-E61658A2C542} = {37389769-D3C2-43DC-A66F-CBF031E922C4}
		{24A90775-C63A-4F87-B634-10831E65B6D4} = {37389769-D3C2-43DC-A66F-CBF031E922C4}
		{D31A7613-A11B-493D-9926-F46D3EC10B3A} = {7D6608CA-5618-406F-9025-C5BCBA8F55D6}
		{4282E97B-F0FB-4865-BC25-C8EF6EFDF32A} = {7D6608CA-5618-406F-9025-C5BCBA8F55D6}
		{A3B07CB7-D36D-4E64-B816-6C28817535CF} = {7D6608CA-5618-406F-9025-C5BCBA8F55D6}
		{C07F86F2-DBD2-4907-94F2-AF4533665DDF} = {D5BE050A-B14D-41F1-BD69-7DEEC71F4D80}
		{30313451-7276-480C-9AA8-DF572FC4F5D9} = {D5BE050A-B14D-41F1-BD69-7DEEC71F4D80}
		{C1468E26-7E3B-4D9F-9E77-A8A29854151D} = {D5BE050A-B14D-41F1-BD69-7DEEC71F4D80}
		{23AF1A21-08D9-4996-8D56-085024CCF67D} = {6E207178-9834-4E00-A2E6-01B3F77F66F4}
		{5B8578CC-81AF-4682-9C3E-47128C0F4769} = {6E207178-9834-4E00-A2E6-01B3F77F66F4}
		{E80D4CF4-162A-43D0-874C-C87CB7674325} = {6E207178-9834-4E00-A2E6-01B3F77F66F4}
		{57914F76-412C-4CA8-A460-85CB24068BB4} = {EA1D9367-6FD3-4462-96B7-CF4BB90CA7A1}
		{8CA21574-0CBB-45B7-AC0E-4C233CBF7A9D} = {EA1D9367-6FD3-4462-96B7-CF4BB90CA7A1}
		{C0B01B16-3A61-4795-B966-64BE109F1F84} = {EA1D9367-6FD3-4462-96B7-CF4BB90CA7A1}
		{253C0085-C6E1-4B76-89BF-0E26D0D97207} = {3308E3A8-A130-4CD6-9544-E76272FF9F9C}
		{6EBD5F5D-5C7D-45EB-B87F-D5BE6221BEA6} = {3308E3A8-A130-4CD6-9544-E76272FF9F9C}
		{8C33D14C-BCFB-404E-9898-714A04B8B73D} = {3308E3A8-A130-4CD6-9544-E76272FF9F9C}
		{F942EF65-B0FE-42D7-9606-CA913649FB51} = {5345DB78-13BB-4DF1-82D9-32159EB53839}
		{89E21C74-927D-46A8-968E-0FA0EF55C3FD} = {5345DB78-13BB-4DF1-82D9-32159EB53839}
		{53FCFCA1-5E56-4B2E-9395-88E40EA8E2D2} = {5345DB78-13BB-4DF1-82D9-32159EB53839}
	EndGlobalSection
	GlobalSection(ExtensibilityGlobals) = postSolution
		SolutionGuid = {3F24E8E1-DB39-4F51-AB5D-1EC22D3BAB35}
	EndGlobalSection
EndGlobal
